
Microsoft Visual Studio Solution File, Format Version 12.00
# Visual Studio Version 17
VisualStudioVersion = 17.11.35222.181
MinimumVisualStudioVersion = 10.0.40219.1
Project("{FAE04EC0-301F-11D3-BF4B-00C04F79EFBC}") = "MachineTest1", "MachineTest1\MachineTest1.csproj", "{91AB480D-B13D-4368-883F-59ACC4BE14AB}"
EndProject
Global
	GlobalSection(SolutionConfigurationPlatforms) = preSolution
		Debug|Any CPU = Debug|Any CPU
		Release|Any CPU = Release|Any CPU
	EndGlobalSection
	GlobalSection(ProjectConfigurationPlatforms) = postSolution
		{91AB480D-B13D-4368-883F-59ACC4BE14AB}.Debug|Any CPU.ActiveCfg = Debug|Any CPU
		{91AB480D-B13D-4368-883F-59ACC4BE14AB}.Debug|Any CPU.Build.0 = Debug|Any CPU
		{91AB480D-B13D-4368-883F-59ACC4BE14AB}.Release|Any CPU.ActiveCfg = Release|Any CPU
		{91AB480D-B13D-4368-883F-59ACC4BE14AB}.Release|Any CPU.Build.0 = Release|Any CPU
	EndGlobalSection
	GlobalSection(SolutionProperties) = preSolution
		HideSolutionNode = FALSE
	EndGlobalSection
	GlobalSection(ExtensibilityGlobals) = postSolution
		SolutionGuid = {8376CBAD-29F7-4BFF-B3D5-16D05FDA6EFD}
	EndGlobalSection
EndGlobal
